
Microsoft Visual Studio Solution File, Format Version 12.00
# Visual Studio Version 17
VisualStudioVersion = 17.3.32929.385
MinimumVisualStudioVersion = 10.0.40219.1
Project("{9A19103F-16F7-4668-BE54-9A1E7A4F7556}") = "Ogxd.DelayTree", "Ogxd.DelayTree\Ogxd.DelayTree.csproj", "{A173C063-F661-489B-ABA0-C97DC8922694}"
EndProject
Project("{9A19103F-16F7-4668-BE54-9A1E7A4F7556}") = "Ogxd.DelayTree.Tests", "Ogxd.DelayTree.Tests\Ogxd.DelayTree.Tests.csproj", "{E7D53CFF-17B6-44B3-9EC1-AD3238FCC71B}"
EndProject
Project("{2150E333-8FDC-42A3-9474-1A3956D46DE8}") = "Solution Items", "Solution Items", "{8CFCB154-5361-4E26-8F7B-6577C226B3E3}"
	ProjectSection(SolutionItems) = preProject
		README.md = README.md
		.github\workflows\ci.yml = .github\workflows\ci.yml
	EndProjectSection
EndProject
Project("{FAE04EC0-301F-11D3-BF4B-00C04F79EFBC}") = "Ogxd.DelayTree.Benchmarks", "Ogxd.DelayTree.Benchmarks\Ogxd.DelayTree.Benchmarks.csproj", "{E90218EB-1B8E-4E43-B998-9A313075BBC2}"
EndProject
Project("{FAE04EC0-301F-11D3-BF4B-00C04F79EFBC}") = "Ogxd.DelayTree.BclPatch", "Ogxd.DelayTree.BclPatch\Ogxd.DelayTree.BclPatch.csproj", "{9B866E0C-FD27-430A-B41B-C0D7C1C29FFE}"
EndProject
Global
	GlobalSection(SolutionConfigurationPlatforms) = preSolution
		Debug|Any CPU = Debug|Any CPU
		Release|Any CPU = Release|Any CPU
	EndGlobalSection
	GlobalSection(ProjectConfigurationPlatforms) = postSolution
		{A173C063-F661-489B-ABA0-C97DC8922694}.Debug|Any CPU.ActiveCfg = Debug|Any CPU
		{A173C063-F661-489B-ABA0-C97DC8922694}.Debug|Any CPU.Build.0 = Debug|Any CPU
		{A173C063-F661-489B-ABA0-C97DC8922694}.Release|Any CPU.ActiveCfg = Release|Any CPU
		{A173C063-F661-489B-ABA0-C97DC8922694}.Release|Any CPU.Build.0 = Release|Any CPU
		{E7D53CFF-17B6-44B3-9EC1-AD3238FCC71B}.Debug|Any CPU.ActiveCfg = Debug|Any CPU
		{E7D53CFF-17B6-44B3-9EC1-AD3238FCC71B}.Debug|Any CPU.Build.0 = Debug|Any CPU
		{E7D53CFF-17B6-44B3-9EC1-AD3238FCC71B}.Release|Any CPU.ActiveCfg = Release|Any CPU
		{E7D53CFF-17B6-44B3-9EC1-AD3238FCC71B}.Release|Any CPU.Build.0 = Release|Any CPU
		{E90218EB-1B8E-4E43-B998-9A313075BBC2}.Debug|Any CPU.ActiveCfg = Debug|Any CPU
		{E90218EB-1B8E-4E43-B998-9A313075BBC2}.Debug|Any CPU.Build.0 = Debug|Any CPU
		{E90218EB-1B8E-4E43-B998-9A313075BBC2}.Release|Any CPU.ActiveCfg = Release|Any CPU
		{E90218EB-1B8E-4E43-B998-9A313075BBC2}.Release|Any CPU.Build.0 = Release|Any CPU
		{9B866E0C-FD27-430A-B41B-C0D7C1C29FFE}.Debug|Any CPU.ActiveCfg = Debug|Any CPU
		{9B866E0C-FD27-430A-B41B-C0D7C1C29FFE}.Debug|Any CPU.Build.0 = Debug|Any CPU
		{9B866E0C-FD27-430A-B41B-C0D7C1C29FFE}.Release|Any CPU.ActiveCfg = Release|Any CPU
		{9B866E0C-FD27-430A-B41B-C0D7C1C29FFE}.Release|Any CPU.Build.0 = Release|Any CPU
	EndGlobalSection
	GlobalSection(SolutionProperties) = preSolution
		HideSolutionNode = FALSE
	EndGlobalSection
	GlobalSection(ExtensibilityGlobals) = postSolution
		SolutionGuid = {87896A4E-48DA-471D-8A19-1EBE0A3379F7}
	EndGlobalSection
EndGlobal
